
Microsoft Visual Studio Solution File, Format Version 11.00
# Visual Studio 2010
Project("{FAE04EC0-301F-11D3-BF4B-00C04F79EFBC}") = "Creatrue.kernel", "Creatrue.kernel\Creatrue.kernel.csproj", "{D27829F1-A736-4EB0-8A69-1B421362740E}"
EndProject
Global
	GlobalSection(SolutionConfigurationPlatforms) = preSolution
		Debug|Any CPU = Debug|Any CPU
		Release|Any CPU = Release|Any CPU
	EndGlobalSection
	GlobalSection(ProjectConfigurationPlatforms) = postSolution
		{D27829F1-A736-4EB0-8A69-1B421362740E}.Debug|Any CPU.ActiveCfg = Debug|Any CPU
		{D27829F1-A736-4EB0-8A69-1B421362740E}.Debug|Any CPU.Build.0 = Debug|Any CPU
		{D27829F1-A736-4EB0-8A69-1B421362740E}.Release|Any CPU.ActiveCfg = Release|Any CPU
		{D27829F1-A736-4EB0-8A69-1B421362740E}.Release|Any CPU.Build.0 = Release|Any CPU
	EndGlobalSection
	GlobalSection(SolutionProperties) = preSolution
		HideSolutionNode = FALSE
	EndGlobalSection
EndGlobal
