
Microsoft Visual Studio Solution File, Format Version 12.00
# Visual Studio 14
VisualStudioVersion = 14.0.25420.1
MinimumVisualStudioVersion = 10.0.40219.1
Project("{FAE04EC0-301F-11D3-BF4B-00C04F79EFBC}") = "Wx_NewWeb", "Wx_NewWeb.csproj", "{7E9CF13F-2E44-4A37-9E58-D2410B3AA8CA}"
EndProject
Project("{FAE04EC0-301F-11D3-BF4B-00C04F79EFBC}") = "DTcms.BLL", "..\DTcms.BLL\DTcms.BLL.csproj", "{EC27BBA4-030C-4853-9FB2-A075654B28FA}"
EndProject
Project("{FAE04EC0-301F-11D3-BF4B-00C04F79EFBC}") = "DTcms.DAL", "..\DTcms.DAL\DTcms.DAL.csproj", "{A587C7B0-981B-4BBE-8B8E-462D477C48E4}"
EndProject
Project("{FAE04EC0-301F-11D3-BF4B-00C04F79EFBC}") = "DTcms.Model", "..\DTcms.Model\DTcms.Model.csproj", "{59E451EA-4E7A-408A-9F5C-36F2AC8D90AD}"
EndProject
Project("{FAE04EC0-301F-11D3-BF4B-00C04F79EFBC}") = "DTcms.DBUtility", "..\DTcms.DBUtility\DTcms.DBUtility.csproj", "{2CFDFCA0-A3FC-4DDE-8448-1769A6E24825}"
EndProject
Project("{FAE04EC0-301F-11D3-BF4B-00C04F79EFBC}") = "Creatrue.Common", "..\Creatrue.Common\Creatrue.Common\Creatrue.Common.csproj", "{5183A7C2-23FD-4A06-BFB6-6DCA5905A44A}"
EndProject
Project("{FAE04EC0-301F-11D3-BF4B-00C04F79EFBC}") = "Creatrue.kernel", "..\Creatrue.kernel\Creatrue.kernel\Creatrue.kernel.csproj", "{D27829F1-A736-4EB0-8A69-1B421362740E}"
EndProject
Project("{FAE04EC0-301F-11D3-BF4B-00C04F79EFBC}") = "tdx.database", "..\tdx.database\tdx.database\tdx.database.csproj", "{E4DEEE0D-3D80-485B-BB0E-5BC81BD4C84E}"
EndProject
Project("{FAE04EC0-301F-11D3-BF4B-00C04F79EFBC}") = "tdx.Weixin", "..\tdx.Weixin\tdx.Weixin\tdx.Weixin.csproj", "{A19EC680-F471-4F67-83A1-EC6BC74D8559}"
EndProject
Project("{FAE04EC0-301F-11D3-BF4B-00C04F79EFBC}") = "DTcms.Common", "..\DTcms.Common\DTcms.Common.csproj", "{20908989-7773-493B-B1BD-764BE322A935}"
EndProject
Project("{FAE04EC0-301F-11D3-BF4B-00C04F79EFBC}") = "tdx.memb", "..\tdx.memb\tdx.memb\tdx.memb.csproj", "{F4370293-5150-464A-8908-C400860E9418}"
EndProject
Project("{FAE04EC0-301F-11D3-BF4B-00C04F79EFBC}") = "DTcms.Web.UI", "..\DTcms.Web.UI\DTcms.Web.UI.csproj", "{F2391E96-3195-4F5C-8941-8D3FFFE0B4BC}"
EndProject
Global
	GlobalSection(SolutionConfigurationPlatforms) = preSolution
		Debug|Any CPU = Debug|Any CPU
		Release|Any CPU = Release|Any CPU
	EndGlobalSection
	GlobalSection(ProjectConfigurationPlatforms) = postSolution
		{7E9CF13F-2E44-4A37-9E58-D2410B3AA8CA}.Debug|Any CPU.ActiveCfg = Debug|Any CPU
		{7E9CF13F-2E44-4A37-9E58-D2410B3AA8CA}.Debug|Any CPU.Build.0 = Debug|Any CPU
		{7E9CF13F-2E44-4A37-9E58-D2410B3AA8CA}.Release|Any CPU.ActiveCfg = Release|Any CPU
		{7E9CF13F-2E44-4A37-9E58-D2410B3AA8CA}.Release|Any CPU.Build.0 = Release|Any CPU
		{EC27BBA4-030C-4853-9FB2-A075654B28FA}.Debug|Any CPU.ActiveCfg = Debug|Any CPU
		{EC27BBA4-030C-4853-9FB2-A075654B28FA}.Debug|Any CPU.Build.0 = Debug|Any CPU
		{EC27BBA4-030C-4853-9FB2-A075654B28FA}.Release|Any CPU.ActiveCfg = Release|Any CPU
		{EC27BBA4-030C-4853-9FB2-A075654B28FA}.Release|Any CPU.Build.0 = Release|Any CPU
		{A587C7B0-981B-4BBE-8B8E-462D477C48E4}.Debug|Any CPU.ActiveCfg = Debug|Any CPU
		{A587C7B0-981B-4BBE-8B8E-462D477C48E4}.Debug|Any CPU.Build.0 = Debug|Any CPU
		{A587C7B0-981B-4BBE-8B8E-462D477C48E4}.Release|Any CPU.ActiveCfg = Release|Any CPU
		{A587C7B0-981B-4BBE-8B8E-462D477C48E4}.Release|Any CPU.Build.0 = Release|Any CPU
		{59E451EA-4E7A-408A-9F5C-36F2AC8D90AD}.Debug|Any CPU.ActiveCfg = Debug|Any CPU
		{59E451EA-4E7A-408A-9F5C-36F2AC8D90AD}.Debug|Any CPU.Build.0 = Debug|Any CPU
		{59E451EA-4E7A-408A-9F5C-36F2AC8D90AD}.Release|Any CPU.ActiveCfg = Release|Any CPU
		{59E451EA-4E7A-408A-9F5C-36F2AC8D90AD}.Release|Any CPU.Build.0 = Release|Any CPU
		{2CFDFCA0-A3FC-4DDE-8448-1769A6E24825}.Debug|Any CPU.ActiveCfg = Debug|Any CPU
		{2CFDFCA0-A3FC-4DDE-8448-1769A6E24825}.Debug|Any CPU.Build.0 = Debug|Any CPU
		{2CFDFCA0-A3FC-4DDE-8448-1769A6E24825}.Release|Any CPU.ActiveCfg = Release|Any CPU
		{2CFDFCA0-A3FC-4DDE-8448-1769A6E24825}.Release|Any CPU.Build.0 = Release|Any CPU
		{5183A7C2-23FD-4A06-BFB6-6DCA5905A44A}.Debug|Any CPU.ActiveCfg = Debug|Any CPU
		{5183A7C2-23FD-4A06-BFB6-6DCA5905A44A}.Debug|Any CPU.Build.0 = Debug|Any CPU
		{5183A7C2-23FD-4A06-BFB6-6DCA5905A44A}.Release|Any CPU.ActiveCfg = Release|Any CPU
		{5183A7C2-23FD-4A06-BFB6-6DCA5905A44A}.Release|Any CPU.Build.0 = Release|Any CPU
		{D27829F1-A736-4EB0-8A69-1B421362740E}.Debug|Any CPU.ActiveCfg = Debug|Any CPU
		{D27829F1-A736-4EB0-8A69-1B421362740E}.Debug|Any CPU.Build.0 = Debug|Any CPU
		{D27829F1-A736-4EB0-8A69-1B421362740E}.Release|Any CPU.ActiveCfg = Release|Any CPU
		{D27829F1-A736-4EB0-8A69-1B421362740E}.Release|Any CPU.Build.0 = Release|Any CPU
		{E4DEEE0D-3D80-485B-BB0E-5BC81BD4C84E}.Debug|Any CPU.ActiveCfg = Debug|Any CPU
		{E4DEEE0D-3D80-485B-BB0E-5BC81BD4C84E}.Debug|Any CPU.Build.0 = Debug|Any CPU
		{E4DEEE0D-3D80-485B-BB0E-5BC81BD4C84E}.Release|Any CPU.ActiveCfg = Release|Any CPU
		{E4DEEE0D-3D80-485B-BB0E-5BC81BD4C84E}.Release|Any CPU.Build.0 = Release|Any CPU
		{A19EC680-F471-4F67-83A1-EC6BC74D8559}.Debug|Any CPU.ActiveCfg = Debug|Any CPU
		{A19EC680-F471-4F67-83A1-EC6BC74D8559}.Debug|Any CPU.Build.0 = Debug|Any CPU
		{A19EC680-F471-4F67-83A1-EC6BC74D8559}.Release|Any CPU.ActiveCfg = Release|Any CPU
		{A19EC680-F471-4F67-83A1-EC6BC74D8559}.Release|Any CPU.Build.0 = Release|Any CPU
		{20908989-7773-493B-B1BD-764BE322A935}.Debug|Any CPU.ActiveCfg = Debug|Any CPU
		{20908989-7773-493B-B1BD-764BE322A935}.Debug|Any CPU.Build.0 = Debug|Any CPU
		{20908989-7773-493B-B1BD-764BE322A935}.Release|Any CPU.ActiveCfg = Release|Any CPU
		{20908989-7773-493B-B1BD-764BE322A935}.Release|Any CPU.Build.0 = Release|Any CPU
		{F4370293-5150-464A-8908-C400860E9418}.Debug|Any CPU.ActiveCfg = Debug|Any CPU
		{F4370293-5150-464A-8908-C400860E9418}.Debug|Any CPU.Build.0 = Debug|Any CPU
		{F4370293-5150-464A-8908-C400860E9418}.Release|Any CPU.ActiveCfg = Release|Any CPU
		{F4370293-5150-464A-8908-C400860E9418}.Release|Any CPU.Build.0 = Release|Any CPU
		{F2391E96-3195-4F5C-8941-8D3FFFE0B4BC}.Debug|Any CPU.ActiveCfg = Debug|Any CPU
		{F2391E96-3195-4F5C-8941-8D3FFFE0B4BC}.Debug|Any CPU.Build.0 = Debug|Any CPU
		{F2391E96-3195-4F5C-8941-8D3FFFE0B4BC}.Release|Any CPU.ActiveCfg = Release|Any CPU
		{F2391E96-3195-4F5C-8941-8D3FFFE0B4BC}.Release|Any CPU.Build.0 = Release|Any CPU
	EndGlobalSection
	GlobalSection(SolutionProperties) = preSolution
		HideSolutionNode = FALSE
	EndGlobalSection
EndGlobal
